
Microsoft Visual Studio Solution File, Format Version 12.00
# Visual Studio Version 17
VisualStudioVersion = 17.0.31903.59
MinimumVisualStudioVersion = 10.0.40219.1
Project("{888888A0-9F3D-457C-B088-3A5042F75D52}") = "PythonTfm", "PythonTfm.pyproj", "{1E228AFE-1992-49C2-9AD3-9B388463BF01}"
EndProject
Global
	GlobalSection(SolutionConfigurationPlatforms) = preSolution
		Debug|Any CPU = Debug|Any CPU
		Release|Any CPU = Release|Any CPU
	EndGlobalSection
	GlobalSection(ProjectConfigurationPlatforms) = postSolution
		{1E228AFE-1992-49C2-9AD3-9B388463BF01}.Debug|Any CPU.ActiveCfg = Debug|Any CPU
		{1E228AFE-1992-49C2-9AD3-9B388463BF01}.Release|Any CPU.ActiveCfg = Release|Any CPU
	EndGlobalSection
	GlobalSection(SolutionProperties) = preSolution
		HideSolutionNode = FALSE
	EndGlobalSection
	GlobalSection(ExtensibilityGlobals) = postSolution
		SolutionGuid = {4E6EF4F5-F7FE-4382-A4F8-2D06D4F74055}
	EndGlobalSection
EndGlobal
